{
  "requires": true,
  "lockfileVersion": 1,
  "dependencies": {
    "gridmasonry": {
      "version": "1.0.1",
      "resolved": "https://registry.npmjs.org/gridmasonry/-/gridmasonry-1.0.1.tgz",
      "integrity": "sha512-FWHNk1ZhTG8bgD+wMG1G1hELtvL6XihsZi55pcMrDEjArjcHKFFBtUnJ/8p+FfubOxmalPcSS/zbKlge6t2oCg=="
    }
  }
}
